
Microsoft Visual Studio Solution File, Format Version 12.00
# Visual Studio Version 16
VisualStudioVersion = 16.0.32929.386
MinimumVisualStudioVersion = 10.0.40219.1
Project("{FAE04EC0-301F-11D3-BF4B-00C04F79EFBC}") = "KupHesaplama", "KupHesaplama\KupHesaplama.csproj", "{B0AC2E71-1E6F-4F4F-B81E-E211554BD742}"
EndProject
Global
	GlobalSection(SolutionConfigurationPlatforms) = preSolution
		Debug|Any CPU = Debug|Any CPU
		Release|Any CPU = Release|Any CPU
	EndGlobalSection
	GlobalSection(ProjectConfigurationPlatforms) = postSolution
		{B0AC2E71-1E6F-4F4F-B81E-E211554BD742}.Debug|Any CPU.ActiveCfg = Debug|Any CPU
		{B0AC2E71-1E6F-4F4F-B81E-E211554BD742}.Debug|Any CPU.Build.0 = Debug|Any CPU
		{B0AC2E71-1E6F-4F4F-B81E-E211554BD742}.Release|Any CPU.ActiveCfg = Release|Any CPU
		{B0AC2E71-1E6F-4F4F-B81E-E211554BD742}.Release|Any CPU.Build.0 = Release|Any CPU
	EndGlobalSection
	GlobalSection(SolutionProperties) = preSolution
		HideSolutionNode = FALSE
	EndGlobalSection
	GlobalSection(ExtensibilityGlobals) = postSolution
		SolutionGuid = {026EAAE5-1DB5-44CF-A0FB-2492EE6D9165}
	EndGlobalSection
EndGlobal
